# This file is automatically @generated by Cargo.
# It is not intended for manual editing.
version = 4

[[package]]
name = "powder-api"
version = "0.1.0"
dependencies = [
 "powder-core",
 "powder-shell",
]

[[package]]
name = "powder-cli"
version = "0.1.0"
dependencies = [
 "powder-api",
]

[[package]]
name = "powder-core"
version = "0.1.0"

[[package]]
name = "powder-mcp"
version = "0.1.0"

[[package]]
name = "powder-shell"
version = "0.1.0"
dependencies = [
 "powder-core",
]
